
Microsoft Visual Studio Solution File, Format Version 12.00
# Visual Studio Version 16
VisualStudioVersion = 16.0.31911.196
MinimumVisualStudioVersion = 10.0.40219.1
Project("{FAE04EC0-301F-11D3-BF4B-00C04F79EFBC}") = "TestProject1(MSTEST)-1", "TestProject1(MSTEST)-1\TestProject1(MSTEST)-1.csproj", "{2500791A-0DC7-4615-A433-2D444362FD82}"
EndProject
Project("{FAE04EC0-301F-11D3-BF4B-00C04F79EFBC}") = "TestProject1Nunitfortesting", "TestProject1Nunitfortesting\TestProject1Nunitfortesting.csproj", "{06152773-96A6-47DE-AB3A-31945437D049}"
EndProject
Project("{FAE04EC0-301F-11D3-BF4B-00C04F79EFBC}") = "TestProject1(XunitTesting)", "TestProject1(XunitTesting)\TestProject1(XunitTesting).csproj", "{B29B00B3-D8E8-4032-8F5C-A0A9FCAC09A9}"
EndProject
Project("{FAE04EC0-301F-11D3-BF4B-00C04F79EFBC}") = "BankClassWithCoreforTesting", "BankClassWithCoreforTesting\BankClassWithCoreforTesting.csproj", "{C3465EB2-D389-4150-B04E-006B7EEA182E}"
EndProject
Project("{FAE04EC0-301F-11D3-BF4B-00C04F79EFBC}") = "TestProject1BankUnitTest", "TestProject1BankUnitTest\TestProject1BankUnitTest.csproj", "{075ADAF9-71B9-4F67-A5DA-F5DBA6093D25}"
EndProject
Global
	GlobalSection(SolutionConfigurationPlatforms) = preSolution
		Debug|Any CPU = Debug|Any CPU
		Release|Any CPU = Release|Any CPU
	EndGlobalSection
	GlobalSection(ProjectConfigurationPlatforms) = postSolution
		{2500791A-0DC7-4615-A433-2D444362FD82}.Debug|Any CPU.ActiveCfg = Debug|Any CPU
		{2500791A-0DC7-4615-A433-2D444362FD82}.Debug|Any CPU.Build.0 = Debug|Any CPU
		{2500791A-0DC7-4615-A433-2D444362FD82}.Release|Any CPU.ActiveCfg = Release|Any CPU
		{2500791A-0DC7-4615-A433-2D444362FD82}.Release|Any CPU.Build.0 = Release|Any CPU
		{06152773-96A6-47DE-AB3A-31945437D049}.Debug|Any CPU.ActiveCfg = Debug|Any CPU
		{06152773-96A6-47DE-AB3A-31945437D049}.Debug|Any CPU.Build.0 = Debug|Any CPU
		{06152773-96A6-47DE-AB3A-31945437D049}.Release|Any CPU.ActiveCfg = Release|Any CPU
		{06152773-96A6-47DE-AB3A-31945437D049}.Release|Any CPU.Build.0 = Release|Any CPU
		{B29B00B3-D8E8-4032-8F5C-A0A9FCAC09A9}.Debug|Any CPU.ActiveCfg = Debug|Any CPU
		{B29B00B3-D8E8-4032-8F5C-A0A9FCAC09A9}.Debug|Any CPU.Build.0 = Debug|Any CPU
		{B29B00B3-D8E8-4032-8F5C-A0A9FCAC09A9}.Release|Any CPU.ActiveCfg = Release|Any CPU
		{B29B00B3-D8E8-4032-8F5C-A0A9FCAC09A9}.Release|Any CPU.Build.0 = Release|Any CPU
		{C3465EB2-D389-4150-B04E-006B7EEA182E}.Debug|Any CPU.ActiveCfg = Debug|Any CPU
		{C3465EB2-D389-4150-B04E-006B7EEA182E}.Debug|Any CPU.Build.0 = Debug|Any CPU
		{C3465EB2-D389-4150-B04E-006B7EEA182E}.Release|Any CPU.ActiveCfg = Release|Any CPU
		{C3465EB2-D389-4150-B04E-006B7EEA182E}.Release|Any CPU.Build.0 = Release|Any CPU
		{075ADAF9-71B9-4F67-A5DA-F5DBA6093D25}.Debug|Any CPU.ActiveCfg = Debug|Any CPU
		{075ADAF9-71B9-4F67-A5DA-F5DBA6093D25}.Debug|Any CPU.Build.0 = Debug|Any CPU
		{075ADAF9-71B9-4F67-A5DA-F5DBA6093D25}.Release|Any CPU.ActiveCfg = Release|Any CPU
		{075ADAF9-71B9-4F67-A5DA-F5DBA6093D25}.Release|Any CPU.Build.0 = Release|Any CPU
	EndGlobalSection
	GlobalSection(SolutionProperties) = preSolution
		HideSolutionNode = FALSE
	EndGlobalSection
	GlobalSection(ExtensibilityGlobals) = postSolution
		SolutionGuid = {CBB8AD47-95DB-4C3E-A4D9-21AF9DB033F1}
	EndGlobalSection
EndGlobal
